
Microsoft Visual Studio Solution File, Format Version 12.00
Project("{FAE04EC0-301F-11D3-BF4B-00C04F79EFBC}") = "AvaloniaNES", "AvaloniaNES\AvaloniaNES.csproj", "{23AAF842-6D06-41F9-B7F5-CCBD67F68AAE}"
EndProject
Project("{FAE04EC0-301F-11D3-BF4B-00C04F79EFBC}") = "AvaloniaNES.Device", "AvaloniaNES.Device\AvaloniaNES.Device.csproj", "{D15F791B-B5AB-461F-8B08-634551A88077}"
EndProject
Global
	GlobalSection(SolutionConfigurationPlatforms) = preSolution
		Debug|Any CPU = Debug|Any CPU
		Release|Any CPU = Release|Any CPU
	EndGlobalSection
	GlobalSection(ProjectConfigurationPlatforms) = postSolution
		{23AAF842-6D06-41F9-B7F5-CCBD67F68AAE}.Debug|Any CPU.ActiveCfg = Debug|Any CPU
		{23AAF842-6D06-41F9-B7F5-CCBD67F68AAE}.Debug|Any CPU.Build.0 = Debug|Any CPU
		{23AAF842-6D06-41F9-B7F5-CCBD67F68AAE}.Release|Any CPU.ActiveCfg = Release|Any CPU
		{23AAF842-6D06-41F9-B7F5-CCBD67F68AAE}.Release|Any CPU.Build.0 = Release|Any CPU
		{D15F791B-B5AB-461F-8B08-634551A88077}.Debug|Any CPU.ActiveCfg = Debug|Any CPU
		{D15F791B-B5AB-461F-8B08-634551A88077}.Debug|Any CPU.Build.0 = Debug|Any CPU
		{D15F791B-B5AB-461F-8B08-634551A88077}.Release|Any CPU.ActiveCfg = Release|Any CPU
		{D15F791B-B5AB-461F-8B08-634551A88077}.Release|Any CPU.Build.0 = Release|Any CPU
	EndGlobalSection
EndGlobal
